github.com/alecthomas/binary v0.0.0-20190922233330-fb1b1d9c299c h1:SnUAzBu0FguUHChHbuy2HInhc2YBBTmbDcZOOByAVt8=
github.com/alecthomas/binary v0.0.0-20190922233330-fb1b1d9c299c/go.mod h1:v4e05/vzE8ubOim1No9Xx5eIQ/WRq6AtcnQIy/Z/JPs=
github.com/dataence/bloom v0.0.0-20151026233158-e24b032dccb1 h1:ZZZOG1+mzcgW/z/HOHj0RDWTxHQAn+9L5UejB/ZK+XI=
github.com/dataence/bloom v0.0.0-20151026233158-e24b032dccb1/go.mod h1:hQ0yBWNA+0SlYMlAkHsylNyF2c85ZPgnJ6pvMOkzpRY=
github.com/dataence/cityhash v0.0.0-20131128155616-cdd6a94144ab h1:MjAkdXxk4H78lm7W17Qd85nEPHlEdx23Xk0KaESrmnc=
github.com/dataence/cityhash v0.0.0-20131128155616-cdd6a94144ab/go.mod h1:8k8m9EQDOnG3a2Z27FvW8LPScFO9P2JglEeq2kjKP9Y=
github.com/davecgh/go-spew v1.1.0 h1:ZDRjVQ15GmhC3fiQ8ni8+OwkZQO4DARzQgrnXU1Liz8=
github.com/davecgh/go-spew v1.1.0/go.mod h1:J7Y8YcW2NihsgmVo/mv3lAwl/skON4iLHjSsI+c5H38=
github.com/pmezard/go-difflib v1.0.0 h1:4DBwDE0NGyQoBHbLQYPwSUPoCMWR5BEzIk/f1lZbAQM=
github.com/pmezard/go-difflib v1.0.0/go.mod h1:iKH77koFhYxTK1pcRnkKkqfTogsbg7gZNVY4sRDYZ/4=
github.com/spaolacci/murmur3 v1.1.0 h1:7c1g84S4BPRrfL5Xrdp6fOJ206sU9y293DDHaoy0bLI=
github.com/spaolacci/murmur3 v1.1.0/go.mod h1:JwIasOWyU6f++ZhiEuf87xNszmSA2myDM2Kzu9HwQUA=
github.com/stretchr/objx v0.1.0/go.mod h1:HFkY916IF+rwdDfMAkV7OtwuqBVzrE8GR6GFx+wExME=
github.com/stretchr/testify v1.7.0 h1:nwc3DEeHmmLAfoZucVR881uASk0Mfjw8xYJ99tb5CcY=
github.com/stretchr/testify v1.7.0/go.mod h1:6Fq8oRcR53rry900zMqJjRRixrwX3KX962/h/Wwjteg=
github.com/tildeleb/cuckoo v0.0.0-20210318125014-3e191f3e0552 h1:aM/5du5hbHa7bMVVMLLnq03HTmM3g9brF3UgOiAr5zA=
github.com/tildeleb/cuckoo v0.0.0-20210318125014-3e191f3e0552/go.mod h1:OtzVuZAqk/+YnglJMnkVjAarNRN6EMPwFnukYerg0a8=
github.com/willf/bitset v1.1.11 h1:N7Z7E9UvjW+sGsEl7k/SJrvY2reP1A07MrGuCjIOjRE=
github.com/willf/bitset v1.1.11/go.mod h1:83CECat5yLh5zVOf4P1ErAgKA5UDvKtgyUABdr3+MjI=
github.com/zhenjl/bloom v0.0.0-20151026233158-e24b032dccb1 h1:s7Fcgy4ILv5n3dz+dQvpRntBtPPw7Ffbyh3Q4JY+kk4=
github.com/zhenjl/bloom v0.0.0-20151026233158-e24b032dccb1/go.mod h1:m5109HBotwhAcpovJ+nory3OI1OrcUmaluV7vxjX+ig=
github.com/zhenjl/cityhash v0.0.0-20131128155616-cdd6a94144ab h1:BWHvAOZz0pBILkGl/ebPQKZDrqbaWj/iN9RE8AvaTvg=
github.com/zhenjl/cityhash v0.0.0-20131128155616-cdd6a94144ab/go.mod h1:P6L88wrqK99Njntah9SB7AyzFpUXsXYq06LkjixxQmY=
gopkg.in/check.v1 v0.0.0-20161208181325-20d25e280405/go.mod h1:Co6ibVJAznAaIkqp8huTwlJQCZ016jof/cbN4VW5Yz0=
gopkg.in/yaml.v3 v3.0.0-20200313102051-9f266ea9e77c h1:dUUwHk2QECo/6vqA44rthZ8ie2QXMNeKRTHCNY2nXvo=
gopkg.in/yaml.v3 v3.0.0-20200313102051-9f266ea9e77c/go.mod h1:K4uyk7z7BCEPqu6E+C64Yfv1cQ7kz7rIZviUmN+EgEM=
leb.io/aeshash v0.0.0-20190627052759-9e6b40329b3b h1:MG17Tc0pA3XmFTsPwklMMEfcos3pTFnVYM4A0YfVSbU=
leb.io/aeshash v0.0.0-20190627052759-9e6b40329b3b/go.mod h1:BKjvdzZnV5WaMoO/kz/Fygl60dA79GTFQTSuKJmSdNs=
leb.io/hashland v0.0.0-20171003003232-07375b562dea h1:s9IkzZTqYqw77voO6taUZHc0C1B096h4T/kQtujGApE=
leb.io/hashland v0.0.0-20171003003232-07375b562dea/go.mod h1:OSwp5BNKniWS6joctn4Grabrxd2EERBB7pNzK9Ni3BQ=
leb.io/hrff v0.1.0 h1:HAhaPEnNEJp7pCbH/qgCT0VMNMQC7I10unCRuu08cKc=
leb.io/hrff v0.1.0/go.mod h1:EZ02Yctbwtxev2S/3jw6aKNrw2e/gkaaRk4fgnYFTec=
